
Microsoft Visual Studio Solution File, Format Version 12.00
# Visual Studio Version 16
VisualStudioVersion = 16.0.29503.13
MinimumVisualStudioVersion = 10.0.40219.1
Project("{FAE04EC0-301F-11D3-BF4B-00C04F79EFBC}") = "SortingAlgos", "SortingAlgos\SortingAlgos.csproj", "{ED3E40C8-A6F5-4711-8E01-88D48DA992BD}"
EndProject
Global
	GlobalSection(SolutionConfigurationPlatforms) = preSolution
		Debug|Any CPU = Debug|Any CPU
		Release|Any CPU = Release|Any CPU
	EndGlobalSection
	GlobalSection(ProjectConfigurationPlatforms) = postSolution
		{ED3E40C8-A6F5-4711-8E01-88D48DA992BD}.Debug|Any CPU.ActiveCfg = Debug|Any CPU
		{ED3E40C8-A6F5-4711-8E01-88D48DA992BD}.Debug|Any CPU.Build.0 = Debug|Any CPU
		{ED3E40C8-A6F5-4711-8E01-88D48DA992BD}.Release|Any CPU.ActiveCfg = Release|Any CPU
		{ED3E40C8-A6F5-4711-8E01-88D48DA992BD}.Release|Any CPU.Build.0 = Release|Any CPU
	EndGlobalSection
	GlobalSection(SolutionProperties) = preSolution
		HideSolutionNode = FALSE
	EndGlobalSection
	GlobalSection(ExtensibilityGlobals) = postSolution
		SolutionGuid = {7B7D50C9-2169-46DF-B054-8889F2D04A46}
	EndGlobalSection
EndGlobal
